
Microsoft Visual Studio Solution File, Format Version 12.00
# Visual Studio Version 16
VisualStudioVersion = 16.0.30523.141
MinimumVisualStudioVersion = 10.0.40219.1
Project("{FAE04EC0-301F-11D3-BF4B-00C04F79EFBC}") = "GraphQLPizzaOrder.Data", "GraphQLPizzaOrder.Data\GraphQLPizzaOrder.Data.csproj", "{686E39F0-7F89-4946-9043-604D47D0BF4C}"
EndProject
Project("{FAE04EC0-301F-11D3-BF4B-00C04F79EFBC}") = "GraphQLPizzaOrder.API", "GraphQLPizzaOrder.API\GraphQLPizzaOrder.API.csproj", "{CFD32B8C-0207-4CB5-8C64-9E1CB438AA13}"
EndProject
Global
	GlobalSection(SolutionConfigurationPlatforms) = preSolution
		Debug|Any CPU = Debug|Any CPU
		Release|Any CPU = Release|Any CPU
	EndGlobalSection
	GlobalSection(ProjectConfigurationPlatforms) = postSolution
		{686E39F0-7F89-4946-9043-604D47D0BF4C}.Debug|Any CPU.ActiveCfg = Debug|Any CPU
		{686E39F0-7F89-4946-9043-604D47D0BF4C}.Debug|Any CPU.Build.0 = Debug|Any CPU
		{686E39F0-7F89-4946-9043-604D47D0BF4C}.Release|Any CPU.ActiveCfg = Release|Any CPU
		{686E39F0-7F89-4946-9043-604D47D0BF4C}.Release|Any CPU.Build.0 = Release|Any CPU
		{CFD32B8C-0207-4CB5-8C64-9E1CB438AA13}.Debug|Any CPU.ActiveCfg = Debug|Any CPU
		{CFD32B8C-0207-4CB5-8C64-9E1CB438AA13}.Debug|Any CPU.Build.0 = Debug|Any CPU
		{CFD32B8C-0207-4CB5-8C64-9E1CB438AA13}.Release|Any CPU.ActiveCfg = Release|Any CPU
		{CFD32B8C-0207-4CB5-8C64-9E1CB438AA13}.Release|Any CPU.Build.0 = Release|Any CPU
	EndGlobalSection
	GlobalSection(SolutionProperties) = preSolution
		HideSolutionNode = FALSE
	EndGlobalSection
	GlobalSection(ExtensibilityGlobals) = postSolution
		SolutionGuid = {FE9412F4-BDE0-45FD-A298-E1675D4A6950}
	EndGlobalSection
EndGlobal
